
Microsoft Visual Studio Solution File, Format Version 12.00
# Visual Studio Version 16
VisualStudioVersion = 16.0.31911.196
MinimumVisualStudioVersion = 10.0.40219.1
Project("{FAE04EC0-301F-11D3-BF4B-00C04F79EFBC}") = "Kazan-api", "Kazan-api.csproj", "{126FAC18-DA47-4CAC-B21F-E2B49B98BE4D}"
EndProject
Global
	GlobalSection(SolutionConfigurationPlatforms) = preSolution
		Debug|Any CPU = Debug|Any CPU
		Release|Any CPU = Release|Any CPU
	EndGlobalSection
	GlobalSection(ProjectConfigurationPlatforms) = postSolution
		{126FAC18-DA47-4CAC-B21F-E2B49B98BE4D}.Debug|Any CPU.ActiveCfg = Debug|Any CPU
		{126FAC18-DA47-4CAC-B21F-E2B49B98BE4D}.Debug|Any CPU.Build.0 = Debug|Any CPU
		{126FAC18-DA47-4CAC-B21F-E2B49B98BE4D}.Release|Any CPU.ActiveCfg = Release|Any CPU
		{126FAC18-DA47-4CAC-B21F-E2B49B98BE4D}.Release|Any CPU.Build.0 = Release|Any CPU
	EndGlobalSection
	GlobalSection(SolutionProperties) = preSolution
		HideSolutionNode = FALSE
	EndGlobalSection
	GlobalSection(ExtensibilityGlobals) = postSolution
		SolutionGuid = {6BF311C4-91B6-46F6-919F-D3A2EF38D077}
	EndGlobalSection
EndGlobal
